
Microsoft Visual Studio Solution File, Format Version 12.00
# Visual Studio Version 16
VisualStudioVersion = 16.0.29926.136
MinimumVisualStudioVersion = 10.0.40219.1
Project("{FAE04EC0-301F-11D3-BF4B-00C04F79EFBC}") = "ItaliaPizza", "ItaliaPizza\ItaliaPizza.csproj", "{68619B28-951F-46B9-8C6A-3BEE3E5DC502}"
EndProject
Project("{FAE04EC0-301F-11D3-BF4B-00C04F79EFBC}") = "BusinessLogic", "BusinessLogic\BusinessLogic.csproj", "{C1E97369-553E-481C-839D-459E7DB21B48}"
EndProject
Project("{FAE04EC0-301F-11D3-BF4B-00C04F79EFBC}") = "DatabaseConnection", "DatabaseConnection\DatabaseConnection.csproj", "{6F8664E1-8D02-4025-9E57-46AF83DCAAB5}"
EndProject
Project("{FAE04EC0-301F-11D3-BF4B-00C04F79EFBC}") = "DataAccess", "DataAccess\DataAccess.csproj", "{3A363472-3787-445B-94A0-F67A532341C9}"
EndProject
Project("{FAE04EC0-301F-11D3-BF4B-00C04F79EFBC}") = "Controller", "Controller\Controller.csproj", "{8A4C10F1-222B-47DE-91E1-6DDFABEA62F1}"
EndProject
Project("{FAE04EC0-301F-11D3-BF4B-00C04F79EFBC}") = "AutenticacionInicioSesion", "AutenticacionInicioSesion\AutenticacionInicioSesion.csproj", "{39B7CAD8-96A5-4336-A3DF-2286C175A0DB}"
EndProject
Project("{FAE04EC0-301F-11D3-BF4B-00C04F79EFBC}") = "BusinessLogicTest", "BusinessLogicTest\BusinessLogicTest.csproj", "{4C1B4024-6492-4D91-A6AF-4F169B6F98AA}"
EndProject
Project("{FAE04EC0-301F-11D3-BF4B-00C04F79EFBC}") = "DatabaseConnectionTest", "DatabaseConnectionTest\DatabaseConnectionTest.csproj", "{A421AC60-2A18-4B1E-B5B1-67E7D9348BAC}"
EndProject
Project("{FAE04EC0-301F-11D3-BF4B-00C04F79EFBC}") = "AutenticacionInicioSesionTest", "AutenticacionInicioSesionTest\AutenticacionInicioSesionTest.csproj", "{D14F39C1-0E18-48CE-BE2C-F64E8B0DCF7E}"
Project("{FAE04EC0-301F-11D3-BF4B-00C04F79EFBC}") = "BusinessLogicTests", "BusinessLogicTests\BusinessLogicTests.csproj", "{48A95A70-9B56-49E5-BD03-D5EC1E5A12D1}"
EndProject
Global
	GlobalSection(SolutionConfigurationPlatforms) = preSolution
		Debug|Any CPU = Debug|Any CPU
		Release|Any CPU = Release|Any CPU
	EndGlobalSection
	GlobalSection(ProjectConfigurationPlatforms) = postSolution
		{68619B28-951F-46B9-8C6A-3BEE3E5DC502}.Debug|Any CPU.ActiveCfg = Debug|Any CPU
		{68619B28-951F-46B9-8C6A-3BEE3E5DC502}.Debug|Any CPU.Build.0 = Debug|Any CPU
		{68619B28-951F-46B9-8C6A-3BEE3E5DC502}.Release|Any CPU.ActiveCfg = Release|Any CPU
		{68619B28-951F-46B9-8C6A-3BEE3E5DC502}.Release|Any CPU.Build.0 = Release|Any CPU
		{C1E97369-553E-481C-839D-459E7DB21B48}.Debug|Any CPU.ActiveCfg = Debug|Any CPU
		{C1E97369-553E-481C-839D-459E7DB21B48}.Debug|Any CPU.Build.0 = Debug|Any CPU
		{C1E97369-553E-481C-839D-459E7DB21B48}.Release|Any CPU.ActiveCfg = Release|Any CPU
		{C1E97369-553E-481C-839D-459E7DB21B48}.Release|Any CPU.Build.0 = Release|Any CPU
		{6F8664E1-8D02-4025-9E57-46AF83DCAAB5}.Debug|Any CPU.ActiveCfg = Debug|Any CPU
		{6F8664E1-8D02-4025-9E57-46AF83DCAAB5}.Debug|Any CPU.Build.0 = Debug|Any CPU
		{6F8664E1-8D02-4025-9E57-46AF83DCAAB5}.Release|Any CPU.ActiveCfg = Release|Any CPU
		{6F8664E1-8D02-4025-9E57-46AF83DCAAB5}.Release|Any CPU.Build.0 = Release|Any CPU
		{3A363472-3787-445B-94A0-F67A532341C9}.Debug|Any CPU.ActiveCfg = Debug|Any CPU
		{3A363472-3787-445B-94A0-F67A532341C9}.Debug|Any CPU.Build.0 = Debug|Any CPU
		{3A363472-3787-445B-94A0-F67A532341C9}.Release|Any CPU.ActiveCfg = Release|Any CPU
		{3A363472-3787-445B-94A0-F67A532341C9}.Release|Any CPU.Build.0 = Release|Any CPU
		{8A4C10F1-222B-47DE-91E1-6DDFABEA62F1}.Debug|Any CPU.ActiveCfg = Debug|Any CPU
		{8A4C10F1-222B-47DE-91E1-6DDFABEA62F1}.Debug|Any CPU.Build.0 = Debug|Any CPU
		{8A4C10F1-222B-47DE-91E1-6DDFABEA62F1}.Release|Any CPU.ActiveCfg = Release|Any CPU
		{8A4C10F1-222B-47DE-91E1-6DDFABEA62F1}.Release|Any CPU.Build.0 = Release|Any CPU
		{39B7CAD8-96A5-4336-A3DF-2286C175A0DB}.Debug|Any CPU.ActiveCfg = Debug|Any CPU
		{39B7CAD8-96A5-4336-A3DF-2286C175A0DB}.Debug|Any CPU.Build.0 = Debug|Any CPU
		{39B7CAD8-96A5-4336-A3DF-2286C175A0DB}.Release|Any CPU.ActiveCfg = Release|Any CPU
		{39B7CAD8-96A5-4336-A3DF-2286C175A0DB}.Release|Any CPU.Build.0 = Release|Any CPU
		{4C1B4024-6492-4D91-A6AF-4F169B6F98AA}.Debug|Any CPU.ActiveCfg = Debug|Any CPU
		{4C1B4024-6492-4D91-A6AF-4F169B6F98AA}.Debug|Any CPU.Build.0 = Debug|Any CPU
		{4C1B4024-6492-4D91-A6AF-4F169B6F98AA}.Release|Any CPU.ActiveCfg = Release|Any CPU
		{4C1B4024-6492-4D91-A6AF-4F169B6F98AA}.Release|Any CPU.Build.0 = Release|Any CPU
		{A421AC60-2A18-4B1E-B5B1-67E7D9348BAC}.Debug|Any CPU.ActiveCfg = Debug|Any CPU
		{A421AC60-2A18-4B1E-B5B1-67E7D9348BAC}.Debug|Any CPU.Build.0 = Debug|Any CPU
		{A421AC60-2A18-4B1E-B5B1-67E7D9348BAC}.Release|Any CPU.ActiveCfg = Release|Any CPU
		{A421AC60-2A18-4B1E-B5B1-67E7D9348BAC}.Release|Any CPU.Build.0 = Release|Any CPU
		{D14F39C1-0E18-48CE-BE2C-F64E8B0DCF7E}.Debug|Any CPU.ActiveCfg = Debug|Any CPU
		{D14F39C1-0E18-48CE-BE2C-F64E8B0DCF7E}.Debug|Any CPU.Build.0 = Debug|Any CPU
		{D14F39C1-0E18-48CE-BE2C-F64E8B0DCF7E}.Release|Any CPU.ActiveCfg = Release|Any CPU
		{D14F39C1-0E18-48CE-BE2C-F64E8B0DCF7E}.Release|Any CPU.Build.0 = Release|Any CPU
		{48A95A70-9B56-49E5-BD03-D5EC1E5A12D1}.Debug|Any CPU.ActiveCfg = Debug|Any CPU
		{48A95A70-9B56-49E5-BD03-D5EC1E5A12D1}.Debug|Any CPU.Build.0 = Debug|Any CPU
		{48A95A70-9B56-49E5-BD03-D5EC1E5A12D1}.Release|Any CPU.ActiveCfg = Release|Any CPU
		{48A95A70-9B56-49E5-BD03-D5EC1E5A12D1}.Release|Any CPU.Build.0 = Release|Any CPU
	EndGlobalSection
	GlobalSection(SolutionProperties) = preSolution
		HideSolutionNode = FALSE
	EndGlobalSection
	GlobalSection(ExtensibilityGlobals) = postSolution
		SolutionGuid = {2F56C02A-7BC1-4E08-B5AF-47D25380BA1D}
	EndGlobalSection
EndGlobal
